// !$*UTF8*$!
{
	archiveVersion = 1;
	classes = {
	};
	objectVersion = 55;
	objects = {

/* Begin PBXBuildFile section */
		64EEF8FB27C548B000D70D2F /* AppDelegate.swift in Sources */ = {isa = PBXBuildFile; fileRef = 64EEF8FA27C548B000D70D2F /* AppDelegate.swift */; };
		64EEF8FD27C548B000D70D2F /* SceneDelegate.swift in Sources */ = {isa = PBXBuildFile; fileRef = 64EEF8FC27C548B000D70D2F /* SceneDelegate.swift */; };
		64EEF8FF27C548B000D70D2F /* ViewController.swift in Sources */ = {isa = PBXBuildFile; fileRef = 64EEF8FE27C548B000D70D2F /* ViewController.swift */; };
		64EEF90227C548B000D70D2F /* Main.storyboard in Resources */ = {isa = PBXBuildFile; fileRef = 64EEF90027C548B000D70D2F /* Main.storyboard */; };
		64EEF90427C548B000D70D2F /* Assets.xcassets in Resources */ = {isa = PBXBuildFile; fileRef = 64EEF90327C548B000D70D2F /* Assets.xcassets */; };
		64EEF90727C548B000D70D2F /* LaunchScreen.storyboard in Resources */ = {isa = PBXBuildFile; fileRef = 64EEF90527C548B000D70D2F /* LaunchScreen.storyboard */; };
		64EEF90F27C548FC00D70D2F /* ProfileView.xib in Resources */ = {isa = PBXBuildFile; fileRef = 64EEF90E27C548FC00D70D2F /* ProfileView.xib */; };
		64EEF91427C54B1600D70D2F /* ProfileView.swift in Sources */ = {isa = PBXBuildFile; fileRef = 64EEF91327C54B1600D70D2F /* ProfileView.swift */; };
		64EEF91627C54BEE00D70D2F /* Profile.storyboard in Resources */ = {isa = PBXBuildFile; fileRef = 64EEF91527C54BEE00D70D2F /* Profile.storyboard */; };
		64EEF91827C54C1100D70D2F /* ProfileViewController.swift in Sources */ = {isa = PBXBuildFile; fileRef = 64EEF91727C54C1100D70D2F /* ProfileViewController.swift */; };
/* End PBXBuildFile section */

/* Begin PBXFileReference section */
		64EEF8F727C548B000D70D2F /* Netology-IB-Instruments-final.app */ = {isa = PBXFileReference; explicitFileType = wrapper.application; includeInIndex = 0; path = "Netology-IB-Instruments-final.app"; sourceTree = BUILT_PRODUCTS_DIR; };
		64EEF8FA27C548B000D70D2F /* AppDelegate.swift */ = {isa = PBXFileReference; lastKnownFileType = sourcecode.swift; path = AppDelegate.swift; sourceTree = "<group>"; };
		64EEF8FC27C548B000D70D2F /* SceneDelegate.swift */ = {isa = PBXFileReference; lastKnownFileType = sourcecode.swift; path = SceneDelegate.swift; sourceTree = "<group>"; };
		64EEF8FE27C548B000D70D2F /* ViewController.swift */ = {isa = PBXFileReference; lastKnownFileType = sourcecode.swift; path = ViewController.swift; sourceTree = "<group>"; };
		64EEF90127C548B000D70D2F /* Base */ = {isa = PBXFileReference; lastKnownFileType = file.storyboard; name = Base; path = Base.lproj/Main.storyboard; sourceTree = "<group>"; };
		64EEF90327C548B000D70D2F /* Assets.xcassets */ = {isa = PBXFileReference; lastKnownFileType = folder.assetcatalog; path = Assets.xcassets; sourceTree = "<group>"; };
		64EEF90627C548B000D70D2F /* Base */ = {isa = PBXFileReference; lastKnownFileType = file.storyboard; name = Base; path = Base.lproj/LaunchScreen.storyboard; sourceTree = "<group>"; };
		64EEF90827C548B000D70D2F /* Info.plist */ = {isa = PBXFileReference; lastKnownFileType = text.plist.xml; path = Info.plist; sourceTree = "<group>"; };
		64EEF90E27C548FC00D70D2F /* ProfileView.xib */ = {isa = PBXFileReference; lastKnownFileType = file.xib; path = ProfileView.xib; sourceTree = "<group>"; };
		64EEF91327C54B1600D70D2F /* ProfileView.swift */ = {isa = PBXFileReference; lastKnownFileType = sourcecode.swift; path = ProfileView.swift; sourceTree = "<group>"; };
		64EEF91527C54BEE00D70D2F /* Profile.storyboard */ = {isa = PBXFileReference; lastKnownFileType = file.storyboard; path = Profile.storyboard; sourceTree = "<group>"; };
		64EEF91727C54C1100D70D2F /* ProfileViewController.swift */ = {isa = PBXFileReference; lastKnownFileType = sourcecode.swift; path = ProfileViewController.swift; sourceTree = "<group>"; };
/* End PBXFileReference section */

/* Begin PBXFrameworksBuildPhase section */
		64EEF8F427C548B000D70D2F /* Frameworks */ = {
			isa = PBXFrameworksBuildPhase;
			buildActionMask = 2147483647;
			files = (
			);
			runOnlyForDeploymentPostprocessing = 0;
		};
/* End PBXFrameworksBuildPhase section */

/* Begin PBXGroup section */
		64EEF8EE27C548B000D70D2F = {
			isa = PBXGroup;
			children = (
				64EEF90E27C548FC00D70D2F /* ProfileView.xib */,
				64EEF91327C54B1600D70D2F /* ProfileView.swift */,
				64EEF91527C54BEE00D70D2F /* Profile.storyboard */,
				64EEF91727C54C1100D70D2F /* ProfileViewController.swift */,
				64EEF8F927C548B000D70D2F /* Netology-IB-Instruments-final */,
				64EEF8F827C548B000D70D2F /* Products */,
			);
			sourceTree = "<group>";
		};
		64EEF8F827C548B000D70D2F /* Products */ = {
			isa = PBXGroup;
			children = (
				64EEF8F727C548B000D70D2F /* Netology-IB-Instruments-final.app */,
			);
			name = Products;
			sourceTree = "<group>";
		};
		64EEF8F927C548B000D70D2F /* Netology-IB-Instruments-final */ = {
			isa = PBXGroup;
			children = (
				64EEF8FA27C548B000D70D2F /* AppDelegate.swift */,
				64EEF8FC27C548B000D70D2F /* SceneDelegate.swift */,
				64EEF8FE27C548B000D70D2F /* ViewController.swift */,
				64EEF90027C548B000D70D2F /* Main.storyboard */,
				64EEF90327C548B000D70D2F /* Assets.xcassets */,
				64EEF90527C548B000D70D2F /* LaunchScreen.storyboard */,
				64EEF90827C548B000D70D2F /* Info.plist */,
			);
			path = "Netology-IB-Instruments-final";
			sourceTree = "<group>";
		};
/* End PBXGroup section */

/* Begin PBXNativeTarget section */
		64EEF8F627C548B000D70D2F /* Netology-IB-Instruments-final */ = {
			isa = PBXNativeTarget;
			buildConfigurationList = 64EEF90B27C548B000D70D2F /* Build configuration list for PBXNativeTarget "Netology-IB-Instruments-final" */;
			buildPhases = (
				64EEF8F327C548B000D70D2F /* Sources */,
				64EEF8F427C548B000D70D2F /* Frameworks */,
				64EEF8F527C548B000D70D2F /* Resources */,
			);
			buildRules = (
			);
			dependencies = (
			);
			name = "Netology-IB-Instruments-final";
			productName = "Netology-IB-Instruments-final";
			productReference = 64EEF8F727C548B000D70D2F /* Netology-IB-Instruments-final.app */;
			productType = "com.apple.product-type.application";
		};
/* End PBXNativeTarget section */

/* Begin PBXProject section */
		64EEF8EF27C548B000D70D2F /* Project object */ = {
			isa = PBXProject;
			attributes = {
				BuildIndependentTargetsInParallel = 1;
				LastSwiftUpdateCheck = 1300;
				LastUpgradeCheck = 1300;
				TargetAttributes = {
					64EEF8F627C548B000D70D2F = {
						CreatedOnToolsVersion = 13.0;
					};
				};
			};
			buildConfigurationList = 64EEF8F227C548B000D70D2F /* Build configuration list for PBXProject "Netology-IB-Instruments-final" */;
			compatibilityVersion = "Xcode 13.0";
			developmentRegion = en;
			hasScannedForEncodings = 0;
			knownRegions = (
				en,
				Base,
			);
			mainGroup = 64EEF8EE27C548B000D70D2F;
			productRefGroup = 64EEF8F827C548B000D70D2F /* Products */;
			projectDirPath = "";
			projectRoot = "";
			targets = (
				64EEF8F627C548B000D70D2F /* Netology-IB-Instruments-final */,
			);
		};
/* End PBXProject section */

/* Begin PBXResourcesBuildPhase section */
		64EEF8F527C548B000D70D2F /* Resources */ = {
			isa = PBXResourcesBuildPhase;
			buildActionMask = 2147483647;
			files = (
				64EEF90F27C548FC00D70D2F /* ProfileView.xib in Resources */,
				64EEF90727C548B000D70D2F /* LaunchScreen.storyboard in Resources */,
				64EEF91627C54BEE00D70D2F /* Profile.storyboard in Resources */,
				64EEF90427C548B000D70D2F /* Assets.xcassets in Resources */,
				64EEF90227C548B000D70D2F /* Main.storyboard in Resources */,
			);
			runOnlyForDeploymentPostprocessing = 0;
		};
/* End PBXResourcesBuildPhase section */

/* Begin PBXSourcesBuildPhase section */
		64EEF8F327C548B000D70D2F /* Sources */ = {
			isa = PBXSourcesBuildPhase;
			buildActionMask = 2147483647;
			files = (
				64EEF91427C54B1600D70D2F /* ProfileView.swift in Sources */,
				64EEF8FF27C548B000D70D2F /* ViewController.swift in Sources */,
				64EEF91827C54C1100D70D2F /* ProfileViewController.swift in Sources */,
				64EEF8FB27C548B000D70D2F /* AppDelegate.swift in Sources */,
				64EEF8FD27C548B000D70D2F /* SceneDelegate.swift in Sources */,
			);
			runOnlyForDeploymentPostprocessing = 0;
		};
/* End PBXSourcesBuildPhase section */

/* Begin PBXVariantGroup section */
		64EEF90027C548B000D70D2F /* Main.storyboard */ = {
			isa = PBXVariantGroup;
			children = (
				64EEF90127C548B000D70D2F /* Base */,
			);
			name = Main.storyboard;
			sourceTree = "<group>";
		};
		64EEF90527C548B000D70D2F /* LaunchScreen.storyboard */ = {
			isa = PBXVariantGroup;
			children = (
				64EEF90627C548B000D70D2F /* Base */,
			);
			name = LaunchScreen.storyboard;
			sourceTree = "<group>";
		};
/* End PBXVariantGroup section */

/* Begin XCBuildConfiguration section */
		64EEF90927C548B000D70D2F /* Debug */ = {
			isa = XCBuildConfiguration;
			buildSettings = {
				ALWAYS_SEARCH_USER_PATHS = NO;
				CLANG_ANALYZER_NONNULL = YES;
				CLANG_ANALYZER_NUMBER_OBJECT_CONVERSION = YES_AGGRESSIVE;
				CLANG_CXX_LANGUAGE_STANDARD = "gnu++17";
				CLANG_CXX_LIBRARY = "libc++";
				CLANG_ENABLE_MODULES = YES;
				CLANG_ENABLE_OBJC_ARC = YES;
				CLANG_ENABLE_OBJC_WEAK = YES;
				CLANG_WARN_BLOCK_CAPTURE_AUTORELEASING = YES;
				CLANG_WARN_BOOL_CONVERSION = YES;
				CLANG_WARN_COMMA = YES;
				CLANG_WARN_CONSTANT_CONVERSION = YES;
				CLANG_WARN_DEPRECATED_OBJC_IMPLEMENTATIONS = YES;
				CLANG_WARN_DIRECT_OBJC_ISA_USAGE = YES_ERROR;
				CLANG_WARN_DOCUMENTATION_COMMENTS = YES;
				CLANG_WARN_EMPTY_BODY = YES;
				CLANG_WARN_ENUM_CONVERSION = YES;
				CLANG_WARN_INFINITE_RECURSION = YES;
				CLANG_WARN_INT_CONVERSION = YES;
				CLANG_WARN_NON_LITERAL_NULL_CONVERSION = YES;
				CLANG_WARN_OBJC_IMPLICIT_RETAIN_SELF = YES;
				CLANG_WARN_OBJC_LITERAL_CONVERSION = YES;
				CLANG_WARN_OBJC_ROOT_CLASS = YES_ERROR;
				CLANG_WARN_QUOTED_INCLUDE_IN_FRAMEWORK_HEADER = YES;
				CLANG_WARN_RANGE_LOOP_ANALYSIS = YES;
				CLANG_WARN_STRICT_PROTOTYPES = YES;
				CLANG_WARN_SUSPICIOUS_MOVE = YES;
				CLANG_WARN_UNGUARDED_AVAILABILITY = YES_AGGRESSIVE;
				CLANG_WARN_UNREACHABLE_CODE = YES;
				CLANG_WARN__DUPLICATE_METHOD_MATCH = YES;
				COPY_PHASE_STRIP = NO;
				DEBUG_INFORMATION_FORMAT = dwarf;
				ENABLE_STRICT_OBJC_MSGSEND = YES;
				ENABLE_TESTABILITY = YES;
				GCC_C_LANGUAGE_STANDARD = gnu11;
				GCC_DYNAMIC_NO_PIC = NO;
				GCC_NO_COMMON_BLOCKS = YES;
				GCC_OPTIMIZATION_LEVEL = 0;
				GCC_PREPROCESSOR_DEFINITIONS = (
					"DEBUG=1",
					"$(inherited)",
				);
				GCC_WARN_64_TO_32_BIT_CONVERSION = YES;
				GCC_WARN_ABOUT_RETURN_TYPE = YES_ERROR;
				GCC_WARN_UNDECLARED_SELECTOR = YES;
				GCC_WARN_UNINITIALIZED_AUTOS = YES_AGGRESSIVE;
				GCC_WARN_UNUSED_FUNCTION = YES;
				GCC_WARN_UNUSED_VARIABLE = YES;
				IPHONEOS_DEPLOYMENT_TARGET = 15.0;
				MTL_ENABLE_DEBUG_INFO = INCLUDE_SOURCE;
				MTL_FAST_MATH = YES;
				ONLY_ACTIVE_ARCH = YES;
				SDKROOT = iphoneos;
				SWIFT_ACTIVE_COMPILATION_CONDITIONS = DEBUG;
				SWIFT_OPTIMIZATION_LEVEL = "-Onone";
			};
			name = Debug;
		};
		64EEF90A27C548B000D70D2F /* Release */ = {
			isa = XCBuildConfiguration;
			buildSettings = {
				ALWAYS_SEARCH_USER_PATHS = NO;
				CLANG_ANALYZER_NONNULL = YES;
				CLANG_ANALYZER_NUMBER_OBJECT_CONVERSION = YES_AGGRESSIVE;
				CLANG_CXX_LANGUAGE_STANDARD = "gnu++17";
				CLANG_CXX_LIBRARY = "libc++";
				CLANG_ENABLE_MODULES = YES;
				CLANG_ENABLE_OBJC_ARC = YES;
				CLANG_ENABLE_OBJC_WEAK = YES;
				CLANG_WARN_BLOCK_CAPTURE_AUTORELEASING = YES;
				CLANG_WARN_BOOL_CONVERSION = YES;
				CLANG_WARN_COMMA = YES;
				CLANG_WARN_CONSTANT_CONVERSION = YES;
				CLANG_WARN_DEPRECATED_OBJC_IMPLEMENTATIONS = YES;
				CLANG_WARN_DIRECT_OBJC_ISA_USAGE = YES_ERROR;
				CLANG_WARN_DOCUMENTATION_COMMENTS = YES;
				CLANG_WARN_EMPTY_BODY = YES;
				CLANG_WARN_ENUM_CONVERSION = YES;
				CLANG_WARN_INFINITE_RECURSION = YES;
				CLANG_WARN_INT_CONVERSION = YES;
				CLANG_WARN_NON_LITERAL_NULL_CONVERSION = YES;
				CLANG_WARN_OBJC_IMPLICIT_RETAIN_SELF = YES;
				CLANG_WARN_OBJC_LITERAL_CONVERSION = YES;
				CLANG_WARN_OBJC_ROOT_CLASS = YES_ERROR;
				CLANG_WARN_QUOTED_INCLUDE_IN_FRAMEWORK_HEADER = YES;
				CLANG_WARN_RANGE_LOOP_ANALYSIS = YES;
				CLANG_WARN_STRICT_PROTOTYPES = YES;
				CLANG_WARN_SUSPICIOUS_MOVE = YES;
				CLANG_WARN_UNGUARDED_AVAILABILITY = YES_AGGRESSIVE;
				CLANG_WARN_UNREACHABLE_CODE = YES;
				CLANG_WARN__DUPLICATE_METHOD_MATCH = YES;
				COPY_PHASE_STRIP = NO;
				DEBUG_INFORMATION_FORMAT = "dwarf-with-dsym";
				ENABLE_NS_ASSERTIONS = NO;
				ENABLE_STRICT_OBJC_MSGSEND = YES;
				GCC_C_LANGUAGE_STANDARD = gnu11;
				GCC_NO_COMMON_BLOCKS = YES;
				GCC_WARN_64_TO_32_BIT_CONVERSION = YES;
				GCC_WARN_ABOUT_RETURN_TYPE = YES_ERROR;
				GCC_WARN_UNDECLARED_SELECTOR = YES;
				GCC_WARN_UNINITIALIZED_AUTOS = YES_AGGRESSIVE;
				GCC_WARN_UNUSED_FUNCTION = YES;
				GCC_WARN_UNUSED_VARIABLE = YES;
				IPHONEOS_DEPLOYMENT_TARGET = 15.0;
				MTL_ENABLE_DEBUG_INFO = NO;
				MTL_FAST_MATH = YES;
				SDKROOT = iphoneos;
				SWIFT_COMPILATION_MODE = wholemodule;
				SWIFT_OPTIMIZATION_LEVEL = "-O";
				VALIDATE_PRODUCT = YES;
			};
			name = Release;
		};
		64EEF90C27C548B000D70D2F /* Debug */ = {
			isa = XCBuildConfiguration;
			buildSettings = {
				ASSETCATALOG_COMPILER_APPICON_NAME = AppIcon;
				ASSETCATALOG_COMPILER_GLOBAL_ACCENT_COLOR_NAME = AccentColor;
				CODE_SIGN_STYLE = Automatic;
				CURRENT_PROJECT_VERSION = 1;
				DEVELOPMENT_TEAM = AU8RAAQNS2;
				GENERATE_INFOPLIST_FILE = YES;
				INFOPLIST_FILE = "Netology-IB-Instruments-final/Info.plist";
				INFOPLIST_KEY_UIApplicationSupportsIndirectInputEvents = YES;
				INFOPLIST_KEY_UILaunchStoryboardName = LaunchScreen;
				INFOPLIST_KEY_UIMainStoryboardFile = Profile;
				INFOPLIST_KEY_UISupportedInterfaceOrientations_iPad = "UIInterfaceOrientationPortrait UIInterfaceOrientationPortraitUpsideDown UIInterfaceOrientationLandscapeLeft UIInterfaceOrientationLandscapeRight";
				INFOPLIST_KEY_UISupportedInterfaceOrientations_iPhone = "UIInterfaceOrientationPortrait UIInterfaceOrientationLandscapeLeft UIInterfaceOrientationLandscapeRight";
				LD_RUNPATH_SEARCH_PATHS = (
					"$(inherited)",
					"@executable_path/Frameworks",
				);
				MARKETING_VERSION = 1.0;
				PRODUCT_BUNDLE_IDENTIFIER = "com.alextxt.Netology-IB-Instruments-final";
				PRODUCT_NAME = "$(TARGET_NAME)";
				SWIFT_EMIT_LOC_STRINGS = YES;
				SWIFT_VERSION = 5.0;
				TARGETED_DEVICE_FAMILY = "1,2";
			};
			name = Debug;
		};
		64EEF90D27C548B000D70D2F /* Release */ = {
			isa = XCBuildConfiguration;
			buildSettings = {
				ASSETCATALOG_COMPILER_APPICON_NAME = AppIcon;
				ASSETCATALOG_COMPILER_GLOBAL_ACCENT_COLOR_NAME = AccentColor;
				CODE_SIGN_STYLE = Automatic;
				CURRENT_PROJECT_VERSION = 1;
				DEVELOPMENT_TEAM = AU8RAAQNS2;
				GENERATE_INFOPLIST_FILE = YES;
				INFOPLIST_FILE = "Netology-IB-Instruments-final/Info.plist";
				INFOPLIST_KEY_UIApplicationSupportsIndirectInputEvents = YES;
				INFOPLIST_KEY_UILaunchStoryboardName = LaunchScreen;
				INFOPLIST_KEY_UIMainStoryboardFile = Profile;
				INFOPLIST_KEY_UISupportedInterfaceOrientations_iPad = "UIInterfaceOrientationPortrait UIInterfaceOrientationPortraitUpsideDown UIInterfaceOrientationLandscapeLeft UIInterfaceOrientationLandscapeRight";
				INFOPLIST_KEY_UISupportedInterfaceOrientations_iPhone = "UIInterfaceOrientationPortrait UIInterfaceOrientationLandscapeLeft UIInterfaceOrientationLandscapeRight";
				LD_RUNPATH_SEARCH_PATHS = (
					"$(inherited)",
					"@executable_path/Frameworks",
				);
				MARKETING_VERSION = 1.0;
				PRODUCT_BUNDLE_IDENTIFIER = "com.alextxt.Netology-IB-Instruments-final";
				PRODUCT_NAME = "$(TARGET_NAME)";
				SWIFT_EMIT_LOC_STRINGS = YES;
				SWIFT_VERSION = 5.0;
				TARGETED_DEVICE_FAMILY = "1,2";
			};
			name = Release;
		};
/* End XCBuildConfiguration section */

/* Begin XCConfigurationList section */
		64EEF8F227C548B000D70D2F /* Build configuration list for PBXProject "Netology-IB-Instruments-final" */ = {
			isa = XCConfigurationList;
			buildConfigurations = (
				64EEF90927C548B000D70D2F /* Debug */,
				64EEF90A27C548B000D70D2F /* Release */,
			);
			defaultConfigurationIsVisible = 0;
			defaultConfigurationName = Release;
		};
		64EEF90B27C548B000D70D2F /* Build configuration list for PBXNativeTarget "Netology-IB-Instruments-final" */ = {
			isa = XCConfigurationList;
			buildConfigurations = (
				64EEF90C27C548B000D70D2F /* Debug */,
				64EEF90D27C548B000D70D2F /* Release */,
			);
			defaultConfigurationIsVisible = 0;
			defaultConfigurationName = Release;
		};
/* End XCConfigurationList section */
	};
	rootObject = 64EEF8EF27C548B000D70D2F /* Project object */;
}
